
Microsoft Visual Studio Solution File, Format Version 12.00
# Visual Studio 15
VisualStudioVersion = 15.0.26403.0
MinimumVisualStudioVersion = 10.0.40219.1
Project("{2150E333-8FDC-42A3-9474-1A3956D46DE8}") = "src", "src", "{169FC118-1CF6-440E-8B69-2460BDF2F8FC}"
EndProject
Project("{2150E333-8FDC-42A3-9474-1A3956D46DE8}") = "Solution Items", "Solution Items", "{B255BE50-F7E2-470C-854F-7D111708A138}"
EndProject
Project("{2150E333-8FDC-42A3-9474-1A3956D46DE8}") = "BuildingBlocks", "BuildingBlocks", "{0CAE12B3-8C00-4569-A458-159014DABD0A}"
EndProject
Project("{2150E333-8FDC-42A3-9474-1A3956D46DE8}") = "EventBus", "EventBus", "{F3097C56-1051-4675-B290-83F6EE64A4E3}"
EndProject
Project("{9A19103F-16F7-4668-BE54-9A1E7A4F7556}") = "EventBus", "src\BuildingBlocks\EventBus\EventBus\EventBus.csproj", "{A9099285-0088-4820-BFBA-F1E07A6E2E2D}"
EndProject
Project("{9A19103F-16F7-4668-BE54-9A1E7A4F7556}") = "EventBusRabbitMQ", "src\BuildingBlocks\EventBus\EventBusRabbitMQ\EventBusRabbitMQ.csproj", "{5011FF0C-94F1-4510-8185-C9D85B7CACA7}"
EndProject
Project("{9A19103F-16F7-4668-BE54-9A1E7A4F7556}") = "IntegrationEventLogEF", "src\BuildingBlocks\EventBus\IntegrationEventLogEF\IntegrationEventLogEF.csproj", "{A4960B91-3395-4314-A194-B0118493BA45}"
EndProject
Project("{2150E333-8FDC-42A3-9474-1A3956D46DE8}") = "HealthChecks", "HealthChecks", "{EFB34B9E-8842-4414-8FEE-F310A5DB28CE}"
EndProject
Project("{9A19103F-16F7-4668-BE54-9A1E7A4F7556}") = "Microsoft.Extensions.HealthChecks", "src\BuildingBlocks\HealthChecks\src\Microsoft.Extensions.HealthChecks\Microsoft.Extensions.HealthChecks.csproj", "{182A9832-42F8-460E-A50C-5076A257BBE6}"
EndProject
Project("{9A19103F-16F7-4668-BE54-9A1E7A4F7556}") = "Microsoft.Extensions.HealthChecks.Data", "src\BuildingBlocks\HealthChecks\src\Microsoft.Extensions.HealthChecks.Data\Microsoft.Extensions.HealthChecks.Data.csproj", "{304E0EE7-14D1-4DFF-B521-785BF9C09E8F}"
EndProject
Project("{2150E333-8FDC-42A3-9474-1A3956D46DE8}") = "Resilience", "Resilience", "{79B060A2-53CB-41ED-B00F-68D7A87AE4ED}"
EndProject
Project("{9A19103F-16F7-4668-BE54-9A1E7A4F7556}") = "Resilience.Http", "src\BuildingBlocks\Resilience\Resilience.Http\Resilience.Http.csproj", "{7D704AED-5AC6-4E68-81B2-45271A0B78D8}"
EndProject
Project("{2150E333-8FDC-42A3-9474-1A3956D46DE8}") = "Mobile Apps", "Mobile Apps", "{F1B5BCFD-D60F-400F-BE44-806CE26DEEED}"
EndProject
Project("{2150E333-8FDC-42A3-9474-1A3956D46DE8}") = "Services", "Services", "{D5433AF2-58AD-412F-8AC1-A86F9D4A46E0}"
EndProject
Project("{FAE04EC0-301F-11D3-BF4B-00C04F79EFBC}") = "LodgerPms.Departments.Api", "src\LodgerPms.Departments.Api\LodgerPms.Departments.Api.csproj", "{420B43DB-8541-42B5-9E02-AE9C5657849C}"
EndProject
Project("{E53339B2-1760-4266-BCC7-CA923CBCF16C}") = "docker-compose", "docker-compose.dcproj", "{36A74DCE-5102-4CCD-88DD-0054B4FA5A2C}"
EndProject
Project("{9A19103F-16F7-4668-BE54-9A1E7A4F7556}") = "Microsoft.AspNetCore.HealthChecks", "src\BuildingBlocks\HealthChecks\src\Microsoft.AspNetCore.HealthChecks\Microsoft.AspNetCore.HealthChecks.csproj", "{8973D8C7-BB3E-415C-BFD5-0377AE76C0A1}"
EndProject
Project("{FAE04EC0-301F-11D3-BF4B-00C04F79EFBC}") = "LodgerPms.Domain", "src\LodgerPms.Domain\LodgerPms.Domain.csproj", "{D7024565-E120-4B82-B994-041A5785329D}"
EndProject
Project("{2150E333-8FDC-42A3-9474-1A3956D46DE8}") = "Departments", "Departments", "{E9AA2FD2-E050-4554-B70D-1495D009205F}"
EndProject
Project("{2150E333-8FDC-42A3-9474-1A3956D46DE8}") = "Web Apps", "Web Apps", "{6D3FC68D-7CF6-484C-B2A4-E6F74673AD98}"
EndProject
Project("{FAE04EC0-301F-11D3-BF4B-00C04F79EFBC}") = "LodgerPms.WebMVC", "src\LodgerPms.WebMVC\LodgerPms.WebMVC.csproj", "{522DC275-8EC9-4104-BD10-6DE5575DAF2C}"
EndProject
Project("{2150E333-8FDC-42A3-9474-1A3956D46DE8}") = "Identity", "Identity", "{EB82B7FD-78FA-4879-BD2D-386AFA704A44}"
EndProject
Project("{FAE04EC0-301F-11D3-BF4B-00C04F79EFBC}") = "LodgerPms.Indentity.Api", "src\LodgerPms.Indentity.Api\LodgerPms.Indentity.Api.csproj", "{87B63161-5F54-45AD-ADE8-69398B7E17F5}"
EndProject
Global
	GlobalSection(SolutionConfigurationPlatforms) = preSolution
		Debug|Any CPU = Debug|Any CPU
		Release|Any CPU = Release|Any CPU
	EndGlobalSection
	GlobalSection(ProjectConfigurationPlatforms) = postSolution
		{A9099285-0088-4820-BFBA-F1E07A6E2E2D}.Debug|Any CPU.ActiveCfg = Debug|Any CPU
		{A9099285-0088-4820-BFBA-F1E07A6E2E2D}.Debug|Any CPU.Build.0 = Debug|Any CPU
		{A9099285-0088-4820-BFBA-F1E07A6E2E2D}.Release|Any CPU.ActiveCfg = Release|Any CPU
		{A9099285-0088-4820-BFBA-F1E07A6E2E2D}.Release|Any CPU.Build.0 = Release|Any CPU
		{5011FF0C-94F1-4510-8185-C9D85B7CACA7}.Debug|Any CPU.ActiveCfg = Debug|Any CPU
		{5011FF0C-94F1-4510-8185-C9D85B7CACA7}.Debug|Any CPU.Build.0 = Debug|Any CPU
		{5011FF0C-94F1-4510-8185-C9D85B7CACA7}.Release|Any CPU.ActiveCfg = Release|Any CPU
		{5011FF0C-94F1-4510-8185-C9D85B7CACA7}.Release|Any CPU.Build.0 = Release|Any CPU
		{A4960B91-3395-4314-A194-B0118493BA45}.Debug|Any CPU.ActiveCfg = Debug|Any CPU
		{A4960B91-3395-4314-A194-B0118493BA45}.Debug|Any CPU.Build.0 = Debug|Any CPU
		{A4960B91-3395-4314-A194-B0118493BA45}.Release|Any CPU.ActiveCfg = Release|Any CPU
		{A4960B91-3395-4314-A194-B0118493BA45}.Release|Any CPU.Build.0 = Release|Any CPU
		{182A9832-42F8-460E-A50C-5076A257BBE6}.Debug|Any CPU.ActiveCfg = Debug|Any CPU
		{182A9832-42F8-460E-A50C-5076A257BBE6}.Debug|Any CPU.Build.0 = Debug|Any CPU
		{182A9832-42F8-460E-A50C-5076A257BBE6}.Release|Any CPU.ActiveCfg = Release|Any CPU
		{182A9832-42F8-460E-A50C-5076A257BBE6}.Release|Any CPU.Build.0 = Release|Any CPU
		{304E0EE7-14D1-4DFF-B521-785BF9C09E8F}.Debug|Any CPU.ActiveCfg = Debug|Any CPU
		{304E0EE7-14D1-4DFF-B521-785BF9C09E8F}.Debug|Any CPU.Build.0 = Debug|Any CPU
		{304E0EE7-14D1-4DFF-B521-785BF9C09E8F}.Release|Any CPU.ActiveCfg = Release|Any CPU
		{304E0EE7-14D1-4DFF-B521-785BF9C09E8F}.Release|Any CPU.Build.0 = Release|Any CPU
		{7D704AED-5AC6-4E68-81B2-45271A0B78D8}.Debug|Any CPU.ActiveCfg = Debug|Any CPU
		{7D704AED-5AC6-4E68-81B2-45271A0B78D8}.Debug|Any CPU.Build.0 = Debug|Any CPU
		{7D704AED-5AC6-4E68-81B2-45271A0B78D8}.Release|Any CPU.ActiveCfg = Release|Any CPU
		{7D704AED-5AC6-4E68-81B2-45271A0B78D8}.Release|Any CPU.Build.0 = Release|Any CPU
		{420B43DB-8541-42B5-9E02-AE9C5657849C}.Debug|Any CPU.ActiveCfg = Debug|Any CPU
		{420B43DB-8541-42B5-9E02-AE9C5657849C}.Debug|Any CPU.Build.0 = Debug|Any CPU
		{420B43DB-8541-42B5-9E02-AE9C5657849C}.Release|Any CPU.ActiveCfg = Release|Any CPU
		{420B43DB-8541-42B5-9E02-AE9C5657849C}.Release|Any CPU.Build.0 = Release|Any CPU
		{36A74DCE-5102-4CCD-88DD-0054B4FA5A2C}.Debug|Any CPU.ActiveCfg = Debug|Any CPU
		{36A74DCE-5102-4CCD-88DD-0054B4FA5A2C}.Debug|Any CPU.Build.0 = Debug|Any CPU
		{36A74DCE-5102-4CCD-88DD-0054B4FA5A2C}.Release|Any CPU.ActiveCfg = Release|Any CPU
		{36A74DCE-5102-4CCD-88DD-0054B4FA5A2C}.Release|Any CPU.Build.0 = Release|Any CPU
		{8973D8C7-BB3E-415C-BFD5-0377AE76C0A1}.Debug|Any CPU.ActiveCfg = Debug|Any CPU
		{8973D8C7-BB3E-415C-BFD5-0377AE76C0A1}.Debug|Any CPU.Build.0 = Debug|Any CPU
		{8973D8C7-BB3E-415C-BFD5-0377AE76C0A1}.Release|Any CPU.ActiveCfg = Release|Any CPU
		{8973D8C7-BB3E-415C-BFD5-0377AE76C0A1}.Release|Any CPU.Build.0 = Release|Any CPU
		{D7024565-E120-4B82-B994-041A5785329D}.Debug|Any CPU.ActiveCfg = Debug|Any CPU
		{D7024565-E120-4B82-B994-041A5785329D}.Debug|Any CPU.Build.0 = Debug|Any CPU
		{D7024565-E120-4B82-B994-041A5785329D}.Release|Any CPU.ActiveCfg = Release|Any CPU
		{D7024565-E120-4B82-B994-041A5785329D}.Release|Any CPU.Build.0 = Release|Any CPU
		{522DC275-8EC9-4104-BD10-6DE5575DAF2C}.Debug|Any CPU.ActiveCfg = Debug|Any CPU
		{522DC275-8EC9-4104-BD10-6DE5575DAF2C}.Debug|Any CPU.Build.0 = Debug|Any CPU
		{522DC275-8EC9-4104-BD10-6DE5575DAF2C}.Release|Any CPU.ActiveCfg = Release|Any CPU
		{522DC275-8EC9-4104-BD10-6DE5575DAF2C}.Release|Any CPU.Build.0 = Release|Any CPU
		{87B63161-5F54-45AD-ADE8-69398B7E17F5}.Debug|Any CPU.ActiveCfg = Debug|Any CPU
		{87B63161-5F54-45AD-ADE8-69398B7E17F5}.Debug|Any CPU.Build.0 = Debug|Any CPU
		{87B63161-5F54-45AD-ADE8-69398B7E17F5}.Release|Any CPU.ActiveCfg = Release|Any CPU
		{87B63161-5F54-45AD-ADE8-69398B7E17F5}.Release|Any CPU.Build.0 = Release|Any CPU
	EndGlobalSection
	GlobalSection(SolutionProperties) = preSolution
		HideSolutionNode = FALSE
	EndGlobalSection
	GlobalSection(NestedProjects) = preSolution
		{0CAE12B3-8C00-4569-A458-159014DABD0A} = {169FC118-1CF6-440E-8B69-2460BDF2F8FC}
		{F3097C56-1051-4675-B290-83F6EE64A4E3} = {0CAE12B3-8C00-4569-A458-159014DABD0A}
		{A9099285-0088-4820-BFBA-F1E07A6E2E2D} = {F3097C56-1051-4675-B290-83F6EE64A4E3}
		{5011FF0C-94F1-4510-8185-C9D85B7CACA7} = {F3097C56-1051-4675-B290-83F6EE64A4E3}
		{A4960B91-3395-4314-A194-B0118493BA45} = {F3097C56-1051-4675-B290-83F6EE64A4E3}
		{EFB34B9E-8842-4414-8FEE-F310A5DB28CE} = {0CAE12B3-8C00-4569-A458-159014DABD0A}
		{182A9832-42F8-460E-A50C-5076A257BBE6} = {EFB34B9E-8842-4414-8FEE-F310A5DB28CE}
		{304E0EE7-14D1-4DFF-B521-785BF9C09E8F} = {EFB34B9E-8842-4414-8FEE-F310A5DB28CE}
		{79B060A2-53CB-41ED-B00F-68D7A87AE4ED} = {0CAE12B3-8C00-4569-A458-159014DABD0A}
		{7D704AED-5AC6-4E68-81B2-45271A0B78D8} = {79B060A2-53CB-41ED-B00F-68D7A87AE4ED}
		{F1B5BCFD-D60F-400F-BE44-806CE26DEEED} = {169FC118-1CF6-440E-8B69-2460BDF2F8FC}
		{D5433AF2-58AD-412F-8AC1-A86F9D4A46E0} = {169FC118-1CF6-440E-8B69-2460BDF2F8FC}
		{420B43DB-8541-42B5-9E02-AE9C5657849C} = {E9AA2FD2-E050-4554-B70D-1495D009205F}
		{8973D8C7-BB3E-415C-BFD5-0377AE76C0A1} = {EFB34B9E-8842-4414-8FEE-F310A5DB28CE}
		{D7024565-E120-4B82-B994-041A5785329D} = {D5433AF2-58AD-412F-8AC1-A86F9D4A46E0}
		{E9AA2FD2-E050-4554-B70D-1495D009205F} = {D5433AF2-58AD-412F-8AC1-A86F9D4A46E0}
		{6D3FC68D-7CF6-484C-B2A4-E6F74673AD98} = {169FC118-1CF6-440E-8B69-2460BDF2F8FC}
		{522DC275-8EC9-4104-BD10-6DE5575DAF2C} = {6D3FC68D-7CF6-484C-B2A4-E6F74673AD98}
		{EB82B7FD-78FA-4879-BD2D-386AFA704A44} = {D5433AF2-58AD-412F-8AC1-A86F9D4A46E0}
		{87B63161-5F54-45AD-ADE8-69398B7E17F5} = {EB82B7FD-78FA-4879-BD2D-386AFA704A44}
	EndGlobalSection
EndGlobal
