
Microsoft Visual Studio Solution File, Format Version 12.00
# Visual Studio 15
VisualStudioVersion = 15.0.26228.4
MinimumVisualStudioVersion = 10.0.40219.1
Project("{2150E333-8FDC-42A3-9474-1A3956D46DE8}") = "src", "src", "{169FC118-1CF6-440E-8B69-2460BDF2F8FC}"
EndProject
Project("{2150E333-8FDC-42A3-9474-1A3956D46DE8}") = "Solution Items", "Solution Items", "{B255BE50-F7E2-470C-854F-7D111708A138}"
EndProject
Project("{9A19103F-16F7-4668-BE54-9A1E7A4F7556}") = "lodgerpms.Domain.Common", "src\lodgerpms.Domain.Common\lodgerpms.Domain.Common.csproj", "{6364BD06-837E-4EFB-82AB-7AAECC862F48}"
EndProject
Project("{9A19103F-16F7-4668-BE54-9A1E7A4F7556}") = "LodgerPms.Domain.Agents", "src\LodgerPms.Domain.Agents\LodgerPms.Domain.Agents.csproj", "{1F615F90-79A6-4772-BF6C-3F73B57B5864}"
EndProject
Project("{9A19103F-16F7-4668-BE54-9A1E7A4F7556}") = "LodgerPms.Domain.Rooms", "src\LodgerPms.Domain.Rooms\LodgerPms.Domain.Rooms.csproj", "{F2005D3F-2B0A-4881-8556-CFB4E037C5A2}"
EndProject
Project("{9A19103F-16F7-4668-BE54-9A1E7A4F7556}") = "LodgerPms.AgentsDataLayer", "src\LodgerPms.AgentsDataLayer\LodgerPms.AgentsDataLayer.csproj", "{446285D1-BD53-4B9C-9936-40F703663632}"
EndProject
Project("{9A19103F-16F7-4668-BE54-9A1E7A4F7556}") = "LodgerPms.Domain.Departments", "src\LodgerPms.Domain.Departments\LodgerPms.Domain.Departments.csproj", "{19ADBFB0-8906-41D9-B7FA-92F68A87A66A}"
EndProject
Project("{9A19103F-16F7-4668-BE54-9A1E7A4F7556}") = "LodgerPms.Domain.Bookings", "src\LodgerPms.Domain.Bookings\LodgerPms.Domain.Bookings.csproj", "{749AA137-6C7A-4AF8-982E-8988D0E45D3F}"
EndProject
Project("{9A19103F-16F7-4668-BE54-9A1E7A4F7556}") = "LodgerPms.BookingsDataLayer", "src\LodgerPms.BookingsDataLayer\LodgerPms.BookingsDataLayer.csproj", "{C13D6C30-2494-4774-9DB1-0A51633B1FD2}"
EndProject
Project("{9A19103F-16F7-4668-BE54-9A1E7A4F7556}") = "LodgerPms.DepartmentsDataLayer", "src\LodgerPms.DepartmentsDataLayer\LodgerPms.DepartmentsDataLayer.csproj", "{7DB87D9E-0A68-4DCC-A3DF-6E705FB5ED4F}"
EndProject
Project("{9A19103F-16F7-4668-BE54-9A1E7A4F7556}") = "LodgerPms.RoomsDataLayer", "src\LodgerPms.RoomsDataLayer\LodgerPms.RoomsDataLayer.csproj", "{89F1139F-6C3D-4FDA-9194-43A458C2FF00}"
EndProject
Project("{9A19103F-16F7-4668-BE54-9A1E7A4F7556}") = "LodgerPms.CrossCutting.IoC", "src\LodgerPms.CrossCutting.IoC\LodgerPms.CrossCutting.IoC.csproj", "{6C6F8130-4BC0-4EDF-BE6B-FA41BECF42A0}"
EndProject
Project("{9A19103F-16F7-4668-BE54-9A1E7A4F7556}") = "LodgerPms.Infra.CrossCutting.Identity", "src\LodgerPms.Infra.CrossCutting.Identity\LodgerPms.Infra.CrossCutting.Identity.csproj", "{3D85917C-D6BE-4FF9-8B32-EFE0D96B74E6}"
EndProject
Project("{9A19103F-16F7-4668-BE54-9A1E7A4F7556}") = "LodgerPms.Infra.CrossCutting.Bus", "src\LodgerPms.Infra.CrossCutting.Bus\LodgerPms.Infra.CrossCutting.Bus.csproj", "{F143E2E0-B3C0-427E-95E1-DBD2AA4E8FCA}"
EndProject
Project("{9A19103F-16F7-4668-BE54-9A1E7A4F7556}") = "LodgerPms.Domain.Core", "src\LodgerPms.Domain.Core\LodgerPms.Domain.Core.csproj", "{A8E260C8-0532-4DC3-BEB3-DA2EA95B15BA}"
EndProject
Project("{2150E333-8FDC-42A3-9474-1A3956D46DE8}") = "1 - Presentation", "1 - Presentation", "{E6B732D1-2821-4DD2-824F-16D9D2217A3D}"
EndProject
Project("{2150E333-8FDC-42A3-9474-1A3956D46DE8}") = "2 - Application", "2 - Application", "{E99BD000-7039-49EE-A05B-EEE3EF5BDA92}"
EndProject
Project("{2150E333-8FDC-42A3-9474-1A3956D46DE8}") = "3 - Domain", "3 - Domain", "{FBC858AE-E664-42C2-AC82-E1B3DAAE5193}"
EndProject
Project("{2150E333-8FDC-42A3-9474-1A3956D46DE8}") = "4 - Infra", "4 - Infra", "{9E65E7F2-FF22-4582-A9F4-04A0274D8BDB}"
EndProject
Project("{2150E333-8FDC-42A3-9474-1A3956D46DE8}") = "4.1 Data", "4.1 Data", "{49E4ED9E-6A2F-4C09-91A4-B00DCF240DE3}"
EndProject
Project("{2150E333-8FDC-42A3-9474-1A3956D46DE8}") = "4.2 CrossCutting", "4.2 CrossCutting", "{3881707C-8E94-43CD-A7A3-B99A81CC1DAB}"
EndProject
Project("{9A19103F-16F7-4668-BE54-9A1E7A4F7556}") = "LodgerPms.EventStoreSqlDataLayer", "src\LodgerPms.EventStoreSqlDataLayer\LodgerPms.EventStoreSqlDataLayer.csproj", "{EA54E7E5-6548-48A4-9A9A-2FDA59AE0F5D}"
EndProject
Project("{9A19103F-16F7-4668-BE54-9A1E7A4F7556}") = "LodgerPms.Domain.Interface", "src\LodgerPms.Domain.Interface\LodgerPms.Domain.Interface.csproj", "{428940BD-2355-44B5-8052-30388C36F914}"
EndProject
Project("{9A19103F-16F7-4668-BE54-9A1E7A4F7556}") = "LodgerPms.Application", "src\LodgerPms.Application\LodgerPms.Application.csproj", "{C8860A6E-8D00-4BFA-B9C8-887B4DD96496}"
EndProject
Project("{9A19103F-16F7-4668-BE54-9A1E7A4F7556}") = "LodgerPms.UI.Site", "src\LodgerPms.UI.Site\LodgerPms.UI.Site.csproj", "{924A1600-1451-4A74-A6F0-BCB4F02E8DBA}"
EndProject
Global
	GlobalSection(SolutionConfigurationPlatforms) = preSolution
		Debug|Any CPU = Debug|Any CPU
		Release|Any CPU = Release|Any CPU
	EndGlobalSection
	GlobalSection(ProjectConfigurationPlatforms) = postSolution
		{6364BD06-837E-4EFB-82AB-7AAECC862F48}.Debug|Any CPU.ActiveCfg = Debug|Any CPU
		{6364BD06-837E-4EFB-82AB-7AAECC862F48}.Debug|Any CPU.Build.0 = Debug|Any CPU
		{6364BD06-837E-4EFB-82AB-7AAECC862F48}.Release|Any CPU.ActiveCfg = Release|Any CPU
		{6364BD06-837E-4EFB-82AB-7AAECC862F48}.Release|Any CPU.Build.0 = Release|Any CPU
		{1F615F90-79A6-4772-BF6C-3F73B57B5864}.Debug|Any CPU.ActiveCfg = Debug|Any CPU
		{1F615F90-79A6-4772-BF6C-3F73B57B5864}.Debug|Any CPU.Build.0 = Debug|Any CPU
		{1F615F90-79A6-4772-BF6C-3F73B57B5864}.Release|Any CPU.ActiveCfg = Release|Any CPU
		{1F615F90-79A6-4772-BF6C-3F73B57B5864}.Release|Any CPU.Build.0 = Release|Any CPU
		{F2005D3F-2B0A-4881-8556-CFB4E037C5A2}.Debug|Any CPU.ActiveCfg = Debug|Any CPU
		{F2005D3F-2B0A-4881-8556-CFB4E037C5A2}.Debug|Any CPU.Build.0 = Debug|Any CPU
		{F2005D3F-2B0A-4881-8556-CFB4E037C5A2}.Release|Any CPU.ActiveCfg = Release|Any CPU
		{F2005D3F-2B0A-4881-8556-CFB4E037C5A2}.Release|Any CPU.Build.0 = Release|Any CPU
		{446285D1-BD53-4B9C-9936-40F703663632}.Debug|Any CPU.ActiveCfg = Debug|Any CPU
		{446285D1-BD53-4B9C-9936-40F703663632}.Debug|Any CPU.Build.0 = Debug|Any CPU
		{446285D1-BD53-4B9C-9936-40F703663632}.Release|Any CPU.ActiveCfg = Release|Any CPU
		{446285D1-BD53-4B9C-9936-40F703663632}.Release|Any CPU.Build.0 = Release|Any CPU
		{19ADBFB0-8906-41D9-B7FA-92F68A87A66A}.Debug|Any CPU.ActiveCfg = Debug|Any CPU
		{19ADBFB0-8906-41D9-B7FA-92F68A87A66A}.Debug|Any CPU.Build.0 = Debug|Any CPU
		{19ADBFB0-8906-41D9-B7FA-92F68A87A66A}.Release|Any CPU.ActiveCfg = Release|Any CPU
		{19ADBFB0-8906-41D9-B7FA-92F68A87A66A}.Release|Any CPU.Build.0 = Release|Any CPU
		{749AA137-6C7A-4AF8-982E-8988D0E45D3F}.Debug|Any CPU.ActiveCfg = Debug|Any CPU
		{749AA137-6C7A-4AF8-982E-8988D0E45D3F}.Debug|Any CPU.Build.0 = Debug|Any CPU
		{749AA137-6C7A-4AF8-982E-8988D0E45D3F}.Release|Any CPU.ActiveCfg = Release|Any CPU
		{749AA137-6C7A-4AF8-982E-8988D0E45D3F}.Release|Any CPU.Build.0 = Release|Any CPU
		{C13D6C30-2494-4774-9DB1-0A51633B1FD2}.Debug|Any CPU.ActiveCfg = Debug|Any CPU
		{C13D6C30-2494-4774-9DB1-0A51633B1FD2}.Debug|Any CPU.Build.0 = Debug|Any CPU
		{C13D6C30-2494-4774-9DB1-0A51633B1FD2}.Release|Any CPU.ActiveCfg = Release|Any CPU
		{C13D6C30-2494-4774-9DB1-0A51633B1FD2}.Release|Any CPU.Build.0 = Release|Any CPU
		{7DB87D9E-0A68-4DCC-A3DF-6E705FB5ED4F}.Debug|Any CPU.ActiveCfg = Debug|Any CPU
		{7DB87D9E-0A68-4DCC-A3DF-6E705FB5ED4F}.Debug|Any CPU.Build.0 = Debug|Any CPU
		{7DB87D9E-0A68-4DCC-A3DF-6E705FB5ED4F}.Release|Any CPU.ActiveCfg = Release|Any CPU
		{7DB87D9E-0A68-4DCC-A3DF-6E705FB5ED4F}.Release|Any CPU.Build.0 = Release|Any CPU
		{89F1139F-6C3D-4FDA-9194-43A458C2FF00}.Debug|Any CPU.ActiveCfg = Debug|Any CPU
		{89F1139F-6C3D-4FDA-9194-43A458C2FF00}.Debug|Any CPU.Build.0 = Debug|Any CPU
		{89F1139F-6C3D-4FDA-9194-43A458C2FF00}.Release|Any CPU.ActiveCfg = Release|Any CPU
		{89F1139F-6C3D-4FDA-9194-43A458C2FF00}.Release|Any CPU.Build.0 = Release|Any CPU
		{6C6F8130-4BC0-4EDF-BE6B-FA41BECF42A0}.Debug|Any CPU.ActiveCfg = Debug|Any CPU
		{6C6F8130-4BC0-4EDF-BE6B-FA41BECF42A0}.Debug|Any CPU.Build.0 = Debug|Any CPU
		{6C6F8130-4BC0-4EDF-BE6B-FA41BECF42A0}.Release|Any CPU.ActiveCfg = Release|Any CPU
		{6C6F8130-4BC0-4EDF-BE6B-FA41BECF42A0}.Release|Any CPU.Build.0 = Release|Any CPU
		{3D85917C-D6BE-4FF9-8B32-EFE0D96B74E6}.Debug|Any CPU.ActiveCfg = Debug|Any CPU
		{3D85917C-D6BE-4FF9-8B32-EFE0D96B74E6}.Debug|Any CPU.Build.0 = Debug|Any CPU
		{3D85917C-D6BE-4FF9-8B32-EFE0D96B74E6}.Release|Any CPU.ActiveCfg = Release|Any CPU
		{3D85917C-D6BE-4FF9-8B32-EFE0D96B74E6}.Release|Any CPU.Build.0 = Release|Any CPU
		{F143E2E0-B3C0-427E-95E1-DBD2AA4E8FCA}.Debug|Any CPU.ActiveCfg = Debug|Any CPU
		{F143E2E0-B3C0-427E-95E1-DBD2AA4E8FCA}.Debug|Any CPU.Build.0 = Debug|Any CPU
		{F143E2E0-B3C0-427E-95E1-DBD2AA4E8FCA}.Release|Any CPU.ActiveCfg = Release|Any CPU
		{F143E2E0-B3C0-427E-95E1-DBD2AA4E8FCA}.Release|Any CPU.Build.0 = Release|Any CPU
		{A8E260C8-0532-4DC3-BEB3-DA2EA95B15BA}.Debug|Any CPU.ActiveCfg = Debug|Any CPU
		{A8E260C8-0532-4DC3-BEB3-DA2EA95B15BA}.Debug|Any CPU.Build.0 = Debug|Any CPU
		{A8E260C8-0532-4DC3-BEB3-DA2EA95B15BA}.Release|Any CPU.ActiveCfg = Release|Any CPU
		{A8E260C8-0532-4DC3-BEB3-DA2EA95B15BA}.Release|Any CPU.Build.0 = Release|Any CPU
		{EA54E7E5-6548-48A4-9A9A-2FDA59AE0F5D}.Debug|Any CPU.ActiveCfg = Debug|Any CPU
		{EA54E7E5-6548-48A4-9A9A-2FDA59AE0F5D}.Debug|Any CPU.Build.0 = Debug|Any CPU
		{EA54E7E5-6548-48A4-9A9A-2FDA59AE0F5D}.Release|Any CPU.ActiveCfg = Release|Any CPU
		{EA54E7E5-6548-48A4-9A9A-2FDA59AE0F5D}.Release|Any CPU.Build.0 = Release|Any CPU
		{428940BD-2355-44B5-8052-30388C36F914}.Debug|Any CPU.ActiveCfg = Debug|Any CPU
		{428940BD-2355-44B5-8052-30388C36F914}.Debug|Any CPU.Build.0 = Debug|Any CPU
		{428940BD-2355-44B5-8052-30388C36F914}.Release|Any CPU.ActiveCfg = Release|Any CPU
		{428940BD-2355-44B5-8052-30388C36F914}.Release|Any CPU.Build.0 = Release|Any CPU
		{C8860A6E-8D00-4BFA-B9C8-887B4DD96496}.Debug|Any CPU.ActiveCfg = Debug|Any CPU
		{C8860A6E-8D00-4BFA-B9C8-887B4DD96496}.Debug|Any CPU.Build.0 = Debug|Any CPU
		{C8860A6E-8D00-4BFA-B9C8-887B4DD96496}.Release|Any CPU.ActiveCfg = Release|Any CPU
		{C8860A6E-8D00-4BFA-B9C8-887B4DD96496}.Release|Any CPU.Build.0 = Release|Any CPU
		{924A1600-1451-4A74-A6F0-BCB4F02E8DBA}.Debug|Any CPU.ActiveCfg = Debug|Any CPU
		{924A1600-1451-4A74-A6F0-BCB4F02E8DBA}.Debug|Any CPU.Build.0 = Debug|Any CPU
		{924A1600-1451-4A74-A6F0-BCB4F02E8DBA}.Release|Any CPU.ActiveCfg = Release|Any CPU
		{924A1600-1451-4A74-A6F0-BCB4F02E8DBA}.Release|Any CPU.Build.0 = Release|Any CPU
	EndGlobalSection
	GlobalSection(SolutionProperties) = preSolution
		HideSolutionNode = FALSE
	EndGlobalSection
	GlobalSection(NestedProjects) = preSolution
		{6364BD06-837E-4EFB-82AB-7AAECC862F48} = {FBC858AE-E664-42C2-AC82-E1B3DAAE5193}
		{1F615F90-79A6-4772-BF6C-3F73B57B5864} = {FBC858AE-E664-42C2-AC82-E1B3DAAE5193}
		{F2005D3F-2B0A-4881-8556-CFB4E037C5A2} = {FBC858AE-E664-42C2-AC82-E1B3DAAE5193}
		{446285D1-BD53-4B9C-9936-40F703663632} = {49E4ED9E-6A2F-4C09-91A4-B00DCF240DE3}
		{19ADBFB0-8906-41D9-B7FA-92F68A87A66A} = {FBC858AE-E664-42C2-AC82-E1B3DAAE5193}
		{749AA137-6C7A-4AF8-982E-8988D0E45D3F} = {FBC858AE-E664-42C2-AC82-E1B3DAAE5193}
		{C13D6C30-2494-4774-9DB1-0A51633B1FD2} = {49E4ED9E-6A2F-4C09-91A4-B00DCF240DE3}
		{7DB87D9E-0A68-4DCC-A3DF-6E705FB5ED4F} = {49E4ED9E-6A2F-4C09-91A4-B00DCF240DE3}
		{89F1139F-6C3D-4FDA-9194-43A458C2FF00} = {49E4ED9E-6A2F-4C09-91A4-B00DCF240DE3}
		{6C6F8130-4BC0-4EDF-BE6B-FA41BECF42A0} = {3881707C-8E94-43CD-A7A3-B99A81CC1DAB}
		{3D85917C-D6BE-4FF9-8B32-EFE0D96B74E6} = {3881707C-8E94-43CD-A7A3-B99A81CC1DAB}
		{F143E2E0-B3C0-427E-95E1-DBD2AA4E8FCA} = {3881707C-8E94-43CD-A7A3-B99A81CC1DAB}
		{A8E260C8-0532-4DC3-BEB3-DA2EA95B15BA} = {FBC858AE-E664-42C2-AC82-E1B3DAAE5193}
		{E6B732D1-2821-4DD2-824F-16D9D2217A3D} = {169FC118-1CF6-440E-8B69-2460BDF2F8FC}
		{E99BD000-7039-49EE-A05B-EEE3EF5BDA92} = {169FC118-1CF6-440E-8B69-2460BDF2F8FC}
		{FBC858AE-E664-42C2-AC82-E1B3DAAE5193} = {169FC118-1CF6-440E-8B69-2460BDF2F8FC}
		{9E65E7F2-FF22-4582-A9F4-04A0274D8BDB} = {169FC118-1CF6-440E-8B69-2460BDF2F8FC}
		{49E4ED9E-6A2F-4C09-91A4-B00DCF240DE3} = {9E65E7F2-FF22-4582-A9F4-04A0274D8BDB}
		{3881707C-8E94-43CD-A7A3-B99A81CC1DAB} = {9E65E7F2-FF22-4582-A9F4-04A0274D8BDB}
		{EA54E7E5-6548-48A4-9A9A-2FDA59AE0F5D} = {49E4ED9E-6A2F-4C09-91A4-B00DCF240DE3}
		{428940BD-2355-44B5-8052-30388C36F914} = {FBC858AE-E664-42C2-AC82-E1B3DAAE5193}
		{C8860A6E-8D00-4BFA-B9C8-887B4DD96496} = {E99BD000-7039-49EE-A05B-EEE3EF5BDA92}
		{924A1600-1451-4A74-A6F0-BCB4F02E8DBA} = {E6B732D1-2821-4DD2-824F-16D9D2217A3D}
	EndGlobalSection
EndGlobal
